{
    "_readme": [
        "This file locks the dependencies of your project to a known state",
        "Read more about it at https://getcomposer.org/doc/01-basic-usage.md#installing-dependencies",
        "This file is @generated automatically"
    ],
    "content-hash": "68005b76a5a9ad021317426b15f4252e",
    "packages": [
        {
            "name": "wbstack/magnustools",
            "version": "dev-main",
            "source": {
                "type": "git",
                "url": "https://github.com/wbstack/magnustools.git",
                "reference": "a2bfea66f736858f6d3ad70060ce227a37d9f3ce"
            },
            "dist": {
                "type": "zip",
                "url": "https://api.github.com/repos/wbstack/magnustools/zipball/a2bfea66f736858f6d3ad70060ce227a37d9f3ce",
                "reference": "a2bfea66f736858f6d3ad70060ce227a37d9f3ce",
                "shasum": ""
            },
            "require": {
                "php": ">=7.0.0"
            },
            "require-dev": {
                "phpunit/phpunit": "^8.0"
            },
            "default-branch": true,
            "type": "library",
            "autoload": {
                "psr-4": {
                    "Toolforge\\": "classes/"
                }
            },
            "license": [
                "GPL-3.0-or-later"
            ],
            "authors": [
                {
                    "name": "Magnus Manske",
                    "email": "magnusmanske@gmail.com",
                    "homepage": "http://magnusmanske.de",
                    "role": "Developer"
                }
            ],
            "description": "Useful classes for Wikimedia Toolforge",
            "homepage": "https://bitbucket.com/magnusmanske/magnustools",
            "support": {
                "source": "https://github.com/wbstack/magnustools/tree/main"
            },
            "time": "2024-02-15T09:36:39+00:00"
        }
    ],
    "packages-dev": [],
    "aliases": [],
    "minimum-stability": "stable",
    "stability-flags": {
        "wbstack/magnustools": 20
    },
    "prefer-stable": false,
    "prefer-lowest": false,
    "platform": [],
    "platform-dev": [],
    "plugin-api-version": "2.3.0"
}
